// !$*UTF8*$!
{
	archiveVersion = 1;
	classes = {
	};
	objectVersion = 50;
	objects = {

/* Begin PBXBuildFile section */
		1459ED72242CF6DD00BE4967 /* PacotesViagensViewController.swift in Sources */ = {isa = PBXBuildFile; fileRef = 1459ED71242CF6DD00BE4967 /* PacotesViagensViewController.swift */; };
		1459ED74242CF81000BE4967 /* PacoteViagemCollectionViewCell.swift in Sources */ = {isa = PBXBuildFile; fileRef = 1459ED73242CF81000BE4967 /* PacoteViagemCollectionViewCell.swift */; };
		14BFE79C242AD00C00F6B6EF /* AppDelegate.swift in Sources */ = {isa = PBXBuildFile; fileRef = 14BFE79B242AD00C00F6B6EF /* AppDelegate.swift */; };
		14BFE79E242AD00C00F6B6EF /* SceneDelegate.swift in Sources */ = {isa = PBXBuildFile; fileRef = 14BFE79D242AD00C00F6B6EF /* SceneDelegate.swift */; };
		14BFE7A0242AD00C00F6B6EF /* ViewController.swift in Sources */ = {isa = PBXBuildFile; fileRef = 14BFE79F242AD00C00F6B6EF /* ViewController.swift */; };
		14BFE7A3242AD00C00F6B6EF /* Main.storyboard in Resources */ = {isa = PBXBuildFile; fileRef = 14BFE7A1242AD00C00F6B6EF /* Main.storyboard */; };
		14BFE7A5242AD00E00F6B6EF /* Assets.xcassets in Resources */ = {isa = PBXBuildFile; fileRef = 14BFE7A4242AD00E00F6B6EF /* Assets.xcassets */; };
		14BFE7A8242AD00E00F6B6EF /* LaunchScreen.storyboard in Resources */ = {isa = PBXBuildFile; fileRef = 14BFE7A6242AD00E00F6B6EF /* LaunchScreen.storyboard */; };
		14BFE7B0242AE06000F6B6EF /* Viagem.swift in Sources */ = {isa = PBXBuildFile; fileRef = 14BFE7AF242AE06000F6B6EF /* Viagem.swift */; };
		14BFE7B4242AE46400F6B6EF /* TableViewCell.swift in Sources */ = {isa = PBXBuildFile; fileRef = 14BFE7B3242AE46400F6B6EF /* TableViewCell.swift */; };
		14BFE7BD242AEB5800F6B6EF /* ViagemDAO.swift in Sources */ = {isa = PBXBuildFile; fileRef = 14BFE7BB242AE9F900F6B6EF /* ViagemDAO.swift */; };
		14C6036E242E66C100C4A71F /* DetalhesViagensViewController.swift in Sources */ = {isa = PBXBuildFile; fileRef = 14C6036D242E66C100C4A71F /* DetalhesViagensViewController.swift */; };
		14C60370242EAA2C00C4A71F /* PacoteViagem.swift in Sources */ = {isa = PBXBuildFile; fileRef = 14C6036F242EAA2C00C4A71F /* PacoteViagem.swift */; };
		14C60372242EABF300C4A71F /* PacoteViagemDAO.swift in Sources */ = {isa = PBXBuildFile; fileRef = 14C60371242EABF300C4A71F /* PacoteViagemDAO.swift */; };
/* End PBXBuildFile section */

/* Begin PBXFileReference section */
		1459ED71242CF6DD00BE4967 /* PacotesViagensViewController.swift */ = {isa = PBXFileReference; lastKnownFileType = sourcecode.swift; path = PacotesViagensViewController.swift; sourceTree = "<group>"; };
		1459ED73242CF81000BE4967 /* PacoteViagemCollectionViewCell.swift */ = {isa = PBXFileReference; lastKnownFileType = sourcecode.swift; path = PacoteViagemCollectionViewCell.swift; sourceTree = "<group>"; };
		14BFE798242AD00C00F6B6EF /* AluraViagens.app */ = {isa = PBXFileReference; explicitFileType = wrapper.application; includeInIndex = 0; path = AluraViagens.app; sourceTree = BUILT_PRODUCTS_DIR; };
		14BFE79B242AD00C00F6B6EF /* AppDelegate.swift */ = {isa = PBXFileReference; lastKnownFileType = sourcecode.swift; path = AppDelegate.swift; sourceTree = "<group>"; };
		14BFE79D242AD00C00F6B6EF /* SceneDelegate.swift */ = {isa = PBXFileReference; lastKnownFileType = sourcecode.swift; path = SceneDelegate.swift; sourceTree = "<group>"; };
		14BFE79F242AD00C00F6B6EF /* ViewController.swift */ = {isa = PBXFileReference; lastKnownFileType = sourcecode.swift; path = ViewController.swift; sourceTree = "<group>"; };
		14BFE7A2242AD00C00F6B6EF /* Base */ = {isa = PBXFileReference; lastKnownFileType = file.storyboard; name = Base; path = Base.lproj/Main.storyboard; sourceTree = "<group>"; };
		14BFE7A4242AD00E00F6B6EF /* Assets.xcassets */ = {isa = PBXFileReference; lastKnownFileType = folder.assetcatalog; path = Assets.xcassets; sourceTree = "<group>"; };
		14BFE7A7242AD00E00F6B6EF /* Base */ = {isa = PBXFileReference; lastKnownFileType = file.storyboard; name = Base; path = Base.lproj/LaunchScreen.storyboard; sourceTree = "<group>"; };
		14BFE7A9242AD00E00F6B6EF /* Info.plist */ = {isa = PBXFileReference; lastKnownFileType = text.plist.xml; path = Info.plist; sourceTree = "<group>"; };
		14BFE7AF242AE06000F6B6EF /* Viagem.swift */ = {isa = PBXFileReference; lastKnownFileType = sourcecode.swift; path = Viagem.swift; sourceTree = "<group>"; };
		14BFE7B3242AE46400F6B6EF /* TableViewCell.swift */ = {isa = PBXFileReference; lastKnownFileType = sourcecode.swift; path = TableViewCell.swift; sourceTree = "<group>"; };
		14BFE7BB242AE9F900F6B6EF /* ViagemDAO.swift */ = {isa = PBXFileReference; lastKnownFileType = sourcecode.swift; path = ViagemDAO.swift; sourceTree = "<group>"; };
		14C6036D242E66C100C4A71F /* DetalhesViagensViewController.swift */ = {isa = PBXFileReference; lastKnownFileType = sourcecode.swift; path = DetalhesViagensViewController.swift; sourceTree = "<group>"; };
		14C6036F242EAA2C00C4A71F /* PacoteViagem.swift */ = {isa = PBXFileReference; lastKnownFileType = sourcecode.swift; path = PacoteViagem.swift; sourceTree = "<group>"; };
		14C60371242EABF300C4A71F /* PacoteViagemDAO.swift */ = {isa = PBXFileReference; fileEncoding = 4; lastKnownFileType = sourcecode.swift; name = PacoteViagemDAO.swift; path = "../../../Downloads/arquivos-externos/PacoteViagemDAO.swift"; sourceTree = "<group>"; };
/* End PBXFileReference section */

/* Begin PBXFrameworksBuildPhase section */
		14BFE795242AD00C00F6B6EF /* Frameworks */ = {
			isa = PBXFrameworksBuildPhase;
			buildActionMask = 2147483647;
			files = (
			);
			runOnlyForDeploymentPostprocessing = 0;
		};
/* End PBXFrameworksBuildPhase section */

/* Begin PBXGroup section */
		1459ED6D242CF62E00BE4967 /* Pacotes */ = {
			isa = PBXGroup;
			children = (
				1459ED6F242CF66400BE4967 /* View */,
				1459ED6E242CF66100BE4967 /* Controller */,
			);
			path = Pacotes;
			sourceTree = "<group>";
		};
		1459ED6E242CF66100BE4967 /* Controller */ = {
			isa = PBXGroup;
			children = (
				1459ED71242CF6DD00BE4967 /* PacotesViagensViewController.swift */,
			);
			path = Controller;
			sourceTree = "<group>";
		};
		1459ED6F242CF66400BE4967 /* View */ = {
			isa = PBXGroup;
			children = (
				1459ED73242CF81000BE4967 /* PacoteViagemCollectionViewCell.swift */,
			);
			path = View;
			sourceTree = "<group>";
		};
		14BFE78F242AD00C00F6B6EF = {
			isa = PBXGroup;
			children = (
				14BFE79A242AD00C00F6B6EF /* AluraViagens */,
				14BFE799242AD00C00F6B6EF /* Products */,
			);
			sourceTree = "<group>";
		};
		14BFE799242AD00C00F6B6EF /* Products */ = {
			isa = PBXGroup;
			children = (
				14BFE798242AD00C00F6B6EF /* AluraViagens.app */,
			);
			name = Products;
			sourceTree = "<group>";
		};
		14BFE79A242AD00C00F6B6EF /* AluraViagens */ = {
			isa = PBXGroup;
			children = (
				14BFE79B242AD00C00F6B6EF /* AppDelegate.swift */,
				14BFE7B5242AE8DF00F6B6EF /* Model */,
				14BFE7B7242AE90B00F6B6EF /* Home */,
				1459ED6D242CF62E00BE4967 /* Pacotes */,
				14C6036A242E666200C4A71F /* DetalhesViagem */,
				14BFE79D242AD00C00F6B6EF /* SceneDelegate.swift */,
				14BFE7BB242AE9F900F6B6EF /* ViagemDAO.swift */,
				14C60371242EABF300C4A71F /* PacoteViagemDAO.swift */,
				14BFE7A1242AD00C00F6B6EF /* Main.storyboard */,
				14BFE7A4242AD00E00F6B6EF /* Assets.xcassets */,
				14BFE7A6242AD00E00F6B6EF /* LaunchScreen.storyboard */,
				14BFE7A9242AD00E00F6B6EF /* Info.plist */,
			);
			path = AluraViagens;
			sourceTree = "<group>";
		};
		14BFE7B5242AE8DF00F6B6EF /* Model */ = {
			isa = PBXGroup;
			children = (
				14BFE7AF242AE06000F6B6EF /* Viagem.swift */,
				14C6036F242EAA2C00C4A71F /* PacoteViagem.swift */,
			);
			path = Model;
			sourceTree = "<group>";
		};
		14BFE7B7242AE90B00F6B6EF /* Home */ = {
			isa = PBXGroup;
			children = (
				14BFE7B9242AE99C00F6B6EF /* View */,
				14BFE7B8242AE94F00F6B6EF /* Controller */,
			);
			path = Home;
			sourceTree = "<group>";
		};
		14BFE7B8242AE94F00F6B6EF /* Controller */ = {
			isa = PBXGroup;
			children = (
				14BFE79F242AD00C00F6B6EF /* ViewController.swift */,
			);
			path = Controller;
			sourceTree = "<group>";
		};
		14BFE7B9242AE99C00F6B6EF /* View */ = {
			isa = PBXGroup;
			children = (
				14BFE7B3242AE46400F6B6EF /* TableViewCell.swift */,
			);
			path = View;
			sourceTree = "<group>";
		};
		14C6036A242E666200C4A71F /* DetalhesViagem */ = {
			isa = PBXGroup;
			children = (
				14C6036C242E669200C4A71F /* Controller */,
				14C6036B242E668A00C4A71F /* View */,
			);
			path = DetalhesViagem;
			sourceTree = "<group>";
		};
		14C6036B242E668A00C4A71F /* View */ = {
			isa = PBXGroup;
			children = (
			);
			path = View;
			sourceTree = "<group>";
		};
		14C6036C242E669200C4A71F /* Controller */ = {
			isa = PBXGroup;
			children = (
				14C6036D242E66C100C4A71F /* DetalhesViagensViewController.swift */,
			);
			path = Controller;
			sourceTree = "<group>";
		};
/* End PBXGroup section */

/* Begin PBXNativeTarget section */
		14BFE797242AD00C00F6B6EF /* AluraViagens */ = {
			isa = PBXNativeTarget;
			buildConfigurationList = 14BFE7AC242AD00E00F6B6EF /* Build configuration list for PBXNativeTarget "AluraViagens" */;
			buildPhases = (
				14BFE794242AD00C00F6B6EF /* Sources */,
				14BFE795242AD00C00F6B6EF /* Frameworks */,
				14BFE796242AD00C00F6B6EF /* Resources */,
			);
			buildRules = (
			);
			dependencies = (
			);
			name = AluraViagens;
			productName = AluraViagens;
			productReference = 14BFE798242AD00C00F6B6EF /* AluraViagens.app */;
			productType = "com.apple.product-type.application";
		};
/* End PBXNativeTarget section */

/* Begin PBXProject section */
		14BFE790242AD00C00F6B6EF /* Project object */ = {
			isa = PBXProject;
			attributes = {
				LastSwiftUpdateCheck = 1130;
				LastUpgradeCheck = 1130;
				ORGANIZATIONNAME = "Matheus Henrick Dias";
				TargetAttributes = {
					14BFE797242AD00C00F6B6EF = {
						CreatedOnToolsVersion = 11.3.1;
					};
				};
			};
			buildConfigurationList = 14BFE793242AD00C00F6B6EF /* Build configuration list for PBXProject "AluraViagens" */;
			compatibilityVersion = "Xcode 9.3";
			developmentRegion = en;
			hasScannedForEncodings = 0;
			knownRegions = (
				en,
				Base,
			);
			mainGroup = 14BFE78F242AD00C00F6B6EF;
			productRefGroup = 14BFE799242AD00C00F6B6EF /* Products */;
			projectDirPath = "";
			projectRoot = "";
			targets = (
				14BFE797242AD00C00F6B6EF /* AluraViagens */,
			);
		};
/* End PBXProject section */

/* Begin PBXResourcesBuildPhase section */
		14BFE796242AD00C00F6B6EF /* Resources */ = {
			isa = PBXResourcesBuildPhase;
			buildActionMask = 2147483647;
			files = (
				14BFE7A8242AD00E00F6B6EF /* LaunchScreen.storyboard in Resources */,
				14BFE7A5242AD00E00F6B6EF /* Assets.xcassets in Resources */,
				14BFE7A3242AD00C00F6B6EF /* Main.storyboard in Resources */,
			);
			runOnlyForDeploymentPostprocessing = 0;
		};
/* End PBXResourcesBuildPhase section */

/* Begin PBXSourcesBuildPhase section */
		14BFE794242AD00C00F6B6EF /* Sources */ = {
			isa = PBXSourcesBuildPhase;
			buildActionMask = 2147483647;
			files = (
				1459ED72242CF6DD00BE4967 /* PacotesViagensViewController.swift in Sources */,
				14BFE7B0242AE06000F6B6EF /* Viagem.swift in Sources */,
				14BFE7A0242AD00C00F6B6EF /* ViewController.swift in Sources */,
				14C6036E242E66C100C4A71F /* DetalhesViagensViewController.swift in Sources */,
				1459ED74242CF81000BE4967 /* PacoteViagemCollectionViewCell.swift in Sources */,
				14BFE7B4242AE46400F6B6EF /* TableViewCell.swift in Sources */,
				14C60370242EAA2C00C4A71F /* PacoteViagem.swift in Sources */,
				14BFE7BD242AEB5800F6B6EF /* ViagemDAO.swift in Sources */,
				14BFE79C242AD00C00F6B6EF /* AppDelegate.swift in Sources */,
				14C60372242EABF300C4A71F /* PacoteViagemDAO.swift in Sources */,
				14BFE79E242AD00C00F6B6EF /* SceneDelegate.swift in Sources */,
			);
			runOnlyForDeploymentPostprocessing = 0;
		};
/* End PBXSourcesBuildPhase section */

/* Begin PBXVariantGroup section */
		14BFE7A1242AD00C00F6B6EF /* Main.storyboard */ = {
			isa = PBXVariantGroup;
			children = (
				14BFE7A2242AD00C00F6B6EF /* Base */,
			);
			name = Main.storyboard;
			sourceTree = "<group>";
		};
		14BFE7A6242AD00E00F6B6EF /* LaunchScreen.storyboard */ = {
			isa = PBXVariantGroup;
			children = (
				14BFE7A7242AD00E00F6B6EF /* Base */,
			);
			name = LaunchScreen.storyboard;
			sourceTree = "<group>";
		};
/* End PBXVariantGroup section */

/* Begin XCBuildConfiguration section */
		14BFE7AA242AD00E00F6B6EF /* Debug */ = {
			isa = XCBuildConfiguration;
			buildSettings = {
				ALWAYS_SEARCH_USER_PATHS = NO;
				CLANG_ANALYZER_NONNULL = YES;
				CLANG_ANALYZER_NUMBER_OBJECT_CONVERSION = YES_AGGRESSIVE;
				CLANG_CXX_LANGUAGE_STANDARD = "gnu++14";
				CLANG_CXX_LIBRARY = "libc++";
				CLANG_ENABLE_MODULES = YES;
				CLANG_ENABLE_OBJC_ARC = YES;
				CLANG_ENABLE_OBJC_WEAK = YES;
				CLANG_WARN_BLOCK_CAPTURE_AUTORELEASING = YES;
				CLANG_WARN_BOOL_CONVERSION = YES;
				CLANG_WARN_COMMA = YES;
				CLANG_WARN_CONSTANT_CONVERSION = YES;
				CLANG_WARN_DEPRECATED_OBJC_IMPLEMENTATIONS = YES;
				CLANG_WARN_DIRECT_OBJC_ISA_USAGE = YES_ERROR;
				CLANG_WARN_DOCUMENTATION_COMMENTS = YES;
				CLANG_WARN_EMPTY_BODY = YES;
				CLANG_WARN_ENUM_CONVERSION = YES;
				CLANG_WARN_INFINITE_RECURSION = YES;
				CLANG_WARN_INT_CONVERSION = YES;
				CLANG_WARN_NON_LITERAL_NULL_CONVERSION = YES;
				CLANG_WARN_OBJC_IMPLICIT_RETAIN_SELF = YES;
				CLANG_WARN_OBJC_LITERAL_CONVERSION = YES;
				CLANG_WARN_OBJC_ROOT_CLASS = YES_ERROR;
				CLANG_WARN_RANGE_LOOP_ANALYSIS = YES;
				CLANG_WARN_STRICT_PROTOTYPES = YES;
				CLANG_WARN_SUSPICIOUS_MOVE = YES;
				CLANG_WARN_UNGUARDED_AVAILABILITY = YES_AGGRESSIVE;
				CLANG_WARN_UNREACHABLE_CODE = YES;
				CLANG_WARN__DUPLICATE_METHOD_MATCH = YES;
				COPY_PHASE_STRIP = NO;
				DEBUG_INFORMATION_FORMAT = dwarf;
				ENABLE_STRICT_OBJC_MSGSEND = YES;
				ENABLE_TESTABILITY = YES;
				GCC_C_LANGUAGE_STANDARD = gnu11;
				GCC_DYNAMIC_NO_PIC = NO;
				GCC_NO_COMMON_BLOCKS = YES;
				GCC_OPTIMIZATION_LEVEL = 0;
				GCC_PREPROCESSOR_DEFINITIONS = (
					"DEBUG=1",
					"$(inherited)",
				);
				GCC_WARN_64_TO_32_BIT_CONVERSION = YES;
				GCC_WARN_ABOUT_RETURN_TYPE = YES_ERROR;
				GCC_WARN_UNDECLARED_SELECTOR = YES;
				GCC_WARN_UNINITIALIZED_AUTOS = YES_AGGRESSIVE;
				GCC_WARN_UNUSED_FUNCTION = YES;
				GCC_WARN_UNUSED_VARIABLE = YES;
				IPHONEOS_DEPLOYMENT_TARGET = 13.2;
				MTL_ENABLE_DEBUG_INFO = INCLUDE_SOURCE;
				MTL_FAST_MATH = YES;
				ONLY_ACTIVE_ARCH = YES;
				SDKROOT = iphoneos;
				SWIFT_ACTIVE_COMPILATION_CONDITIONS = DEBUG;
				SWIFT_OPTIMIZATION_LEVEL = "-Onone";
			};
			name = Debug;
		};
		14BFE7AB242AD00E00F6B6EF /* Release */ = {
			isa = XCBuildConfiguration;
			buildSettings = {
				ALWAYS_SEARCH_USER_PATHS = NO;
				CLANG_ANALYZER_NONNULL = YES;
				CLANG_ANALYZER_NUMBER_OBJECT_CONVERSION = YES_AGGRESSIVE;
				CLANG_CXX_LANGUAGE_STANDARD = "gnu++14";
				CLANG_CXX_LIBRARY = "libc++";
				CLANG_ENABLE_MODULES = YES;
				CLANG_ENABLE_OBJC_ARC = YES;
				CLANG_ENABLE_OBJC_WEAK = YES;
				CLANG_WARN_BLOCK_CAPTURE_AUTORELEASING = YES;
				CLANG_WARN_BOOL_CONVERSION = YES;
				CLANG_WARN_COMMA = YES;
				CLANG_WARN_CONSTANT_CONVERSION = YES;
				CLANG_WARN_DEPRECATED_OBJC_IMPLEMENTATIONS = YES;
				CLANG_WARN_DIRECT_OBJC_ISA_USAGE = YES_ERROR;
				CLANG_WARN_DOCUMENTATION_COMMENTS = YES;
				CLANG_WARN_EMPTY_BODY = YES;
				CLANG_WARN_ENUM_CONVERSION = YES;
				CLANG_WARN_INFINITE_RECURSION = YES;
				CLANG_WARN_INT_CONVERSION = YES;
				CLANG_WARN_NON_LITERAL_NULL_CONVERSION = YES;
				CLANG_WARN_OBJC_IMPLICIT_RETAIN_SELF = YES;
				CLANG_WARN_OBJC_LITERAL_CONVERSION = YES;
				CLANG_WARN_OBJC_ROOT_CLASS = YES_ERROR;
				CLANG_WARN_RANGE_LOOP_ANALYSIS = YES;
				CLANG_WARN_STRICT_PROTOTYPES = YES;
				CLANG_WARN_SUSPICIOUS_MOVE = YES;
				CLANG_WARN_UNGUARDED_AVAILABILITY = YES_AGGRESSIVE;
				CLANG_WARN_UNREACHABLE_CODE = YES;
				CLANG_WARN__DUPLICATE_METHOD_MATCH = YES;
				COPY_PHASE_STRIP = NO;
				DEBUG_INFORMATION_FORMAT = "dwarf-with-dsym";
				ENABLE_NS_ASSERTIONS = NO;
				ENABLE_STRICT_OBJC_MSGSEND = YES;
				GCC_C_LANGUAGE_STANDARD = gnu11;
				GCC_NO_COMMON_BLOCKS = YES;
				GCC_WARN_64_TO_32_BIT_CONVERSION = YES;
				GCC_WARN_ABOUT_RETURN_TYPE = YES_ERROR;
				GCC_WARN_UNDECLARED_SELECTOR = YES;
				GCC_WARN_UNINITIALIZED_AUTOS = YES_AGGRESSIVE;
				GCC_WARN_UNUSED_FUNCTION = YES;
				GCC_WARN_UNUSED_VARIABLE = YES;
				IPHONEOS_DEPLOYMENT_TARGET = 13.2;
				MTL_ENABLE_DEBUG_INFO = NO;
				MTL_FAST_MATH = YES;
				SDKROOT = iphoneos;
				SWIFT_COMPILATION_MODE = wholemodule;
				SWIFT_OPTIMIZATION_LEVEL = "-O";
				VALIDATE_PRODUCT = YES;
			};
			name = Release;
		};
		14BFE7AD242AD00E00F6B6EF /* Debug */ = {
			isa = XCBuildConfiguration;
			buildSettings = {
				ASSETCATALOG_COMPILER_APPICON_NAME = AppIcon;
				CODE_SIGN_STYLE = Automatic;
				INFOPLIST_FILE = AluraViagens/Info.plist;
				LD_RUNPATH_SEARCH_PATHS = (
					"$(inherited)",
					"@executable_path/Frameworks",
				);
				PRODUCT_BUNDLE_IDENTIFIER = matheushd.cit.AluraViagens;
				PRODUCT_NAME = "$(TARGET_NAME)";
				SWIFT_VERSION = 5.0;
				TARGETED_DEVICE_FAMILY = "1,2";
			};
			name = Debug;
		};
		14BFE7AE242AD00E00F6B6EF /* Release */ = {
			isa = XCBuildConfiguration;
			buildSettings = {
				ASSETCATALOG_COMPILER_APPICON_NAME = AppIcon;
				CODE_SIGN_STYLE = Automatic;
				INFOPLIST_FILE = AluraViagens/Info.plist;
				LD_RUNPATH_SEARCH_PATHS = (
					"$(inherited)",
					"@executable_path/Frameworks",
				);
				PRODUCT_BUNDLE_IDENTIFIER = matheushd.cit.AluraViagens;
				PRODUCT_NAME = "$(TARGET_NAME)";
				SWIFT_VERSION = 5.0;
				TARGETED_DEVICE_FAMILY = "1,2";
			};
			name = Release;
		};
/* End XCBuildConfiguration section */

/* Begin XCConfigurationList section */
		14BFE793242AD00C00F6B6EF /* Build configuration list for PBXProject "AluraViagens" */ = {
			isa = XCConfigurationList;
			buildConfigurations = (
				14BFE7AA242AD00E00F6B6EF /* Debug */,
				14BFE7AB242AD00E00F6B6EF /* Release */,
			);
			defaultConfigurationIsVisible = 0;
			defaultConfigurationName = Release;
		};
		14BFE7AC242AD00E00F6B6EF /* Build configuration list for PBXNativeTarget "AluraViagens" */ = {
			isa = XCConfigurationList;
			buildConfigurations = (
				14BFE7AD242AD00E00F6B6EF /* Debug */,
				14BFE7AE242AD00E00F6B6EF /* Release */,
			);
			defaultConfigurationIsVisible = 0;
			defaultConfigurationName = Release;
		};
/* End XCConfigurationList section */
	};
	rootObject = 14BFE790242AD00C00F6B6EF /* Project object */;
}
